
Microsoft Visual Studio Solution File, Format Version 12.00
# Visual Studio 2012
VisualStudioVersion = 14.0.25123.0
MinimumVisualStudioVersion = 10.0.40219.1
Project("{f2a71f9b-5d33-465a-a702-920d77279786}") = "Imap", "Imap\Imap.fsproj", "{2210DA00-A0D3-4035-B7E6-6787AF279A5A}"
EndProject
Global
	GlobalSection(SolutionConfigurationPlatforms) = preSolution
		Debug|Any CPU = Debug|Any CPU
		Release|Any CPU = Release|Any CPU
	EndGlobalSection
	GlobalSection(ProjectConfigurationPlatforms) = postSolution
		{2210DA00-A0D3-4035-B7E6-6787AF279A5A}.Debug|Any CPU.ActiveCfg = Debug|Any CPU
		{2210DA00-A0D3-4035-B7E6-6787AF279A5A}.Debug|Any CPU.Build.0 = Debug|Any CPU
		{2210DA00-A0D3-4035-B7E6-6787AF279A5A}.Release|Any CPU.ActiveCfg = Release|Any CPU
		{2210DA00-A0D3-4035-B7E6-6787AF279A5A}.Release|Any CPU.Build.0 = Release|Any CPU
	EndGlobalSection
	GlobalSection(SolutionProperties) = preSolution
		HideSolutionNode = FALSE
	EndGlobalSection
EndGlobal
